// !$*UTF8*$!
{
	archiveVersion = 1;
	classes = {
	};
	objectVersion = 46;
	objects = {

/* Begin PBXBuildFile section */
		0AAD0FB01D51E9DF0034FB5B /* main.m in Sources */ = {isa = PBXBuildFile; fileRef = 0AAD0FAF1D51E9DF0034FB5B /* main.m */; };
		0AAD0FB31D51E9DF0034FB5B /* AppDelegate.m in Sources */ = {isa = PBXBuildFile; fileRef = 0AAD0FB21D51E9DF0034FB5B /* AppDelegate.m */; };
		0AAD0FB61D51E9DF0034FB5B /* ViewController.m in Sources */ = {isa = PBXBuildFile; fileRef = 0AAD0FB51D51E9DF0034FB5B /* ViewController.m */; };
		0AAD0FB91D51E9DF0034FB5B /* Main.storyboard in Resources */ = {isa = PBXBuildFile; fileRef = 0AAD0FB71D51E9DF0034FB5B /* Main.storyboard */; };
		0AAD0FBB1D51E9DF0034FB5B /* Assets.xcassets in Resources */ = {isa = PBXBuildFile; fileRef = 0AAD0FBA1D51E9DF0034FB5B /* Assets.xcassets */; };
		0AAD0FBE1D51E9DF0034FB5B /* LaunchScreen.storyboard in Resources */ = {isa = PBXBuildFile; fileRef = 0AAD0FBC1D51E9DF0034FB5B /* LaunchScreen.storyboard */; };
		0AAD0FC91D51E9DF0034FB5B /* UITabBar_____Tests.m in Sources */ = {isa = PBXBuildFile; fileRef = 0AAD0FC81D51E9DF0034FB5B /* UITabBar_____Tests.m */; };
		0AAD0FD41D51E9DF0034FB5B /* UITabBar_____UITests.m in Sources */ = {isa = PBXBuildFile; fileRef = 0AAD0FD31D51E9DF0034FB5B /* UITabBar_____UITests.m */; };
/* End PBXBuildFile section */

/* Begin PBXContainerItemProxy section */
		0AAD0FC51D51E9DF0034FB5B /* PBXContainerItemProxy */ = {
			isa = PBXContainerItemProxy;
			containerPortal = 0AAD0FA31D51E9DF0034FB5B /* Project object */;
			proxyType = 1;
			remoteGlobalIDString = 0AAD0FAA1D51E9DF0034FB5B;
			remoteInfo = "UITabBar 基本使用";
		};
		0AAD0FD01D51E9DF0034FB5B /* PBXContainerItemProxy */ = {
			isa = PBXContainerItemProxy;
			containerPortal = 0AAD0FA31D51E9DF0034FB5B /* Project object */;
			proxyType = 1;
			remoteGlobalIDString = 0AAD0FAA1D51E9DF0034FB5B;
			remoteInfo = "UITabBar 基本使用";
		};
/* End PBXContainerItemProxy section */

/* Begin PBXFileReference section */
		0AAD0FAB1D51E9DF0034FB5B /* UITabBar 基本使用.app */ = {isa = PBXFileReference; explicitFileType = wrapper.application; includeInIndex = 0; path = "UITabBar 基本使用.app"; sourceTree = BUILT_PRODUCTS_DIR; };
		0AAD0FAF1D51E9DF0034FB5B /* main.m */ = {isa = PBXFileReference; lastKnownFileType = sourcecode.c.objc; path = main.m; sourceTree = "<group>"; };
		0AAD0FB11D51E9DF0034FB5B /* AppDelegate.h */ = {isa = PBXFileReference; lastKnownFileType = sourcecode.c.h; path = AppDelegate.h; sourceTree = "<group>"; };
		0AAD0FB21D51E9DF0034FB5B /* AppDelegate.m */ = {isa = PBXFileReference; lastKnownFileType = sourcecode.c.objc; path = AppDelegate.m; sourceTree = "<group>"; };
		0AAD0FB41D51E9DF0034FB5B /* ViewController.h */ = {isa = PBXFileReference; lastKnownFileType = sourcecode.c.h; path = ViewController.h; sourceTree = "<group>"; };
		0AAD0FB51D51E9DF0034FB5B /* ViewController.m */ = {isa = PBXFileReference; lastKnownFileType = sourcecode.c.objc; path = ViewController.m; sourceTree = "<group>"; };
		0AAD0FB81D51E9DF0034FB5B /* Base */ = {isa = PBXFileReference; lastKnownFileType = file.storyboard; name = Base; path = Base.lproj/Main.storyboard; sourceTree = "<group>"; };
		0AAD0FBA1D51E9DF0034FB5B /* Assets.xcassets */ = {isa = PBXFileReference; lastKnownFileType = folder.assetcatalog; path = Assets.xcassets; sourceTree = "<group>"; };
		0AAD0FBD1D51E9DF0034FB5B /* Base */ = {isa = PBXFileReference; lastKnownFileType = file.storyboard; name = Base; path = Base.lproj/LaunchScreen.storyboard; sourceTree = "<group>"; };
		0AAD0FBF1D51E9DF0034FB5B /* Info.plist */ = {isa = PBXFileReference; lastKnownFileType = text.plist.xml; path = Info.plist; sourceTree = "<group>"; };
		0AAD0FC41D51E9DF0034FB5B /* UITabBar 基本使用Tests.xctest */ = {isa = PBXFileReference; explicitFileType = wrapper.cfbundle; includeInIndex = 0; path = "UITabBar 基本使用Tests.xctest"; sourceTree = BUILT_PRODUCTS_DIR; };
		0AAD0FC81D51E9DF0034FB5B /* UITabBar_____Tests.m */ = {isa = PBXFileReference; lastKnownFileType = sourcecode.c.objc; path = "UITabBar_____Tests.m"; sourceTree = "<group>"; };
		0AAD0FCA1D51E9DF0034FB5B /* Info.plist */ = {isa = PBXFileReference; lastKnownFileType = text.plist.xml; path = Info.plist; sourceTree = "<group>"; };
		0AAD0FCF1D51E9DF0034FB5B /* UITabBar 基本使用UITests.xctest */ = {isa = PBXFileReference; explicitFileType = wrapper.cfbundle; includeInIndex = 0; path = "UITabBar 基本使用UITests.xctest"; sourceTree = BUILT_PRODUCTS_DIR; };
		0AAD0FD31D51E9DF0034FB5B /* UITabBar_____UITests.m */ = {isa = PBXFileReference; lastKnownFileType = sourcecode.c.objc; path = "UITabBar_____UITests.m"; sourceTree = "<group>"; };
		0AAD0FD51D51E9DF0034FB5B /* Info.plist */ = {isa = PBXFileReference; lastKnownFileType = text.plist.xml; path = Info.plist; sourceTree = "<group>"; };
/* End PBXFileReference section */

/* Begin PBXFrameworksBuildPhase section */
		0AAD0FA81D51E9DF0034FB5B /* Frameworks */ = {
			isa = PBXFrameworksBuildPhase;
			buildActionMask = 2147483647;
			files = (
			);
			runOnlyForDeploymentPostprocessing = 0;
		};
		0AAD0FC11D51E9DF0034FB5B /* Frameworks */ = {
			isa = PBXFrameworksBuildPhase;
			buildActionMask = 2147483647;
			files = (
			);
			runOnlyForDeploymentPostprocessing = 0;
		};
		0AAD0FCC1D51E9DF0034FB5B /* Frameworks */ = {
			isa = PBXFrameworksBuildPhase;
			buildActionMask = 2147483647;
			files = (
			);
			runOnlyForDeploymentPostprocessing = 0;
		};
/* End PBXFrameworksBuildPhase section */

/* Begin PBXGroup section */
		0AAD0FA21D51E9DF0034FB5B = {
			isa = PBXGroup;
			children = (
				0AAD0FAD1D51E9DF0034FB5B /* UITabBar 基本使用 */,
				0AAD0FC71D51E9DF0034FB5B /* UITabBar 基本使用Tests */,
				0AAD0FD21D51E9DF0034FB5B /* UITabBar 基本使用UITests */,
				0AAD0FAC1D51E9DF0034FB5B /* Products */,
			);
			sourceTree = "<group>";
		};
		0AAD0FAC1D51E9DF0034FB5B /* Products */ = {
			isa = PBXGroup;
			children = (
				0AAD0FAB1D51E9DF0034FB5B /* UITabBar 基本使用.app */,
				0AAD0FC41D51E9DF0034FB5B /* UITabBar 基本使用Tests.xctest */,
				0AAD0FCF1D51E9DF0034FB5B /* UITabBar 基本使用UITests.xctest */,
			);
			name = Products;
			sourceTree = "<group>";
		};
		0AAD0FAD1D51E9DF0034FB5B /* UITabBar 基本使用 */ = {
			isa = PBXGroup;
			children = (
				0AAD0FB11D51E9DF0034FB5B /* AppDelegate.h */,
				0AAD0FB21D51E9DF0034FB5B /* AppDelegate.m */,
				0AAD0FB41D51E9DF0034FB5B /* ViewController.h */,
				0AAD0FB51D51E9DF0034FB5B /* ViewController.m */,
				0AAD0FB71D51E9DF0034FB5B /* Main.storyboard */,
				0AAD0FBA1D51E9DF0034FB5B /* Assets.xcassets */,
				0AAD0FBC1D51E9DF0034FB5B /* LaunchScreen.storyboard */,
				0AAD0FBF1D51E9DF0034FB5B /* Info.plist */,
				0AAD0FAE1D51E9DF0034FB5B /* Supporting Files */,
			);
			path = "UITabBar 基本使用";
			sourceTree = "<group>";
		};
		0AAD0FAE1D51E9DF0034FB5B /* Supporting Files */ = {
			isa = PBXGroup;
			children = (
				0AAD0FAF1D51E9DF0034FB5B /* main.m */,
			);
			name = "Supporting Files";
			sourceTree = "<group>";
		};
		0AAD0FC71D51E9DF0034FB5B /* UITabBar 基本使用Tests */ = {
			isa = PBXGroup;
			children = (
				0AAD0FC81D51E9DF0034FB5B /* UITabBar_____Tests.m */,
				0AAD0FCA1D51E9DF0034FB5B /* Info.plist */,
			);
			path = "UITabBar 基本使用Tests";
			sourceTree = "<group>";
		};
		0AAD0FD21D51E9DF0034FB5B /* UITabBar 基本使用UITests */ = {
			isa = PBXGroup;
			children = (
				0AAD0FD31D51E9DF0034FB5B /* UITabBar_____UITests.m */,
				0AAD0FD51D51E9DF0034FB5B /* Info.plist */,
			);
			path = "UITabBar 基本使用UITests";
			sourceTree = "<group>";
		};
/* End PBXGroup section */

/* Begin PBXNativeTarget section */
		0AAD0FAA1D51E9DF0034FB5B /* UITabBar 基本使用 */ = {
			isa = PBXNativeTarget;
			buildConfigurationList = 0AAD0FD81D51E9DF0034FB5B /* Build configuration list for PBXNativeTarget "UITabBar 基本使用" */;
			buildPhases = (
				0AAD0FA71D51E9DF0034FB5B /* Sources */,
				0AAD0FA81D51E9DF0034FB5B /* Frameworks */,
				0AAD0FA91D51E9DF0034FB5B /* Resources */,
			);
			buildRules = (
			);
			dependencies = (
			);
			name = "UITabBar 基本使用";
			productName = "UITabBar 基本使用";
			productReference = 0AAD0FAB1D51E9DF0034FB5B /* UITabBar 基本使用.app */;
			productType = "com.apple.product-type.application";
		};
		0AAD0FC31D51E9DF0034FB5B /* UITabBar 基本使用Tests */ = {
			isa = PBXNativeTarget;
			buildConfigurationList = 0AAD0FDB1D51E9DF0034FB5B /* Build configuration list for PBXNativeTarget "UITabBar 基本使用Tests" */;
			buildPhases = (
				0AAD0FC01D51E9DF0034FB5B /* Sources */,
				0AAD0FC11D51E9DF0034FB5B /* Frameworks */,
				0AAD0FC21D51E9DF0034FB5B /* Resources */,
			);
			buildRules = (
			);
			dependencies = (
				0AAD0FC61D51E9DF0034FB5B /* PBXTargetDependency */,
			);
			name = "UITabBar 基本使用Tests";
			productName = "UITabBar 基本使用Tests";
			productReference = 0AAD0FC41D51E9DF0034FB5B /* UITabBar 基本使用Tests.xctest */;
			productType = "com.apple.product-type.bundle.unit-test";
		};
		0AAD0FCE1D51E9DF0034FB5B /* UITabBar 基本使用UITests */ = {
			isa = PBXNativeTarget;
			buildConfigurationList = 0AAD0FDE1D51E9DF0034FB5B /* Build configuration list for PBXNativeTarget "UITabBar 基本使用UITests" */;
			buildPhases = (
				0AAD0FCB1D51E9DF0034FB5B /* Sources */,
				0AAD0FCC1D51E9DF0034FB5B /* Frameworks */,
				0AAD0FCD1D51E9DF0034FB5B /* Resources */,
			);
			buildRules = (
			);
			dependencies = (
				0AAD0FD11D51E9DF0034FB5B /* PBXTargetDependency */,
			);
			name = "UITabBar 基本使用UITests";
			productName = "UITabBar 基本使用UITests";
			productReference = 0AAD0FCF1D51E9DF0034FB5B /* UITabBar 基本使用UITests.xctest */;
			productType = "com.apple.product-type.bundle.ui-testing";
		};
/* End PBXNativeTarget section */

/* Begin PBXProject section */
		0AAD0FA31D51E9DF0034FB5B /* Project object */ = {
			isa = PBXProject;
			attributes = {
				LastUpgradeCheck = 0730;
				ORGANIZATIONNAME = "天问";
				TargetAttributes = {
					0AAD0FAA1D51E9DF0034FB5B = {
						CreatedOnToolsVersion = 7.3.1;
					};
					0AAD0FC31D51E9DF0034FB5B = {
						CreatedOnToolsVersion = 7.3.1;
						TestTargetID = 0AAD0FAA1D51E9DF0034FB5B;
					};
					0AAD0FCE1D51E9DF0034FB5B = {
						CreatedOnToolsVersion = 7.3.1;
						TestTargetID = 0AAD0FAA1D51E9DF0034FB5B;
					};
				};
			};
			buildConfigurationList = 0AAD0FA61D51E9DF0034FB5B /* Build configuration list for PBXProject "UITabBar 基本使用" */;
			compatibilityVersion = "Xcode 3.2";
			developmentRegion = English;
			hasScannedForEncodings = 0;
			knownRegions = (
				en,
				Base,
			);
			mainGroup = 0AAD0FA21D51E9DF0034FB5B;
			productRefGroup = 0AAD0FAC1D51E9DF0034FB5B /* Products */;
			projectDirPath = "";
			projectRoot = "";
			targets = (
				0AAD0FAA1D51E9DF0034FB5B /* UITabBar 基本使用 */,
				0AAD0FC31D51E9DF0034FB5B /* UITabBar 基本使用Tests */,
				0AAD0FCE1D51E9DF0034FB5B /* UITabBar 基本使用UITests */,
			);
		};
/* End PBXProject section */

/* Begin PBXResourcesBuildPhase section */
		0AAD0FA91D51E9DF0034FB5B /* Resources */ = {
			isa = PBXResourcesBuildPhase;
			buildActionMask = 2147483647;
			files = (
				0AAD0FBE1D51E9DF0034FB5B /* LaunchScreen.storyboard in Resources */,
				0AAD0FBB1D51E9DF0034FB5B /* Assets.xcassets in Resources */,
				0AAD0FB91D51E9DF0034FB5B /* Main.storyboard in Resources */,
			);
			runOnlyForDeploymentPostprocessing = 0;
		};
		0AAD0FC21D51E9DF0034FB5B /* Resources */ = {
			isa = PBXResourcesBuildPhase;
			buildActionMask = 2147483647;
			files = (
			);
			runOnlyForDeploymentPostprocessing = 0;
		};
		0AAD0FCD1D51E9DF0034FB5B /* Resources */ = {
			isa = PBXResourcesBuildPhase;
			buildActionMask = 2147483647;
			files = (
			);
			runOnlyForDeploymentPostprocessing = 0;
		};
/* End PBXResourcesBuildPhase section */

/* Begin PBXSourcesBuildPhase section */
		0AAD0FA71D51E9DF0034FB5B /* Sources */ = {
			isa = PBXSourcesBuildPhase;
			buildActionMask = 2147483647;
			files = (
				0AAD0FB61D51E9DF0034FB5B /* ViewController.m in Sources */,
				0AAD0FB31D51E9DF0034FB5B /* AppDelegate.m in Sources */,
				0AAD0FB01D51E9DF0034FB5B /* main.m in Sources */,
			);
			runOnlyForDeploymentPostprocessing = 0;
		};
		0AAD0FC01D51E9DF0034FB5B /* Sources */ = {
			isa = PBXSourcesBuildPhase;
			buildActionMask = 2147483647;
			files = (
				0AAD0FC91D51E9DF0034FB5B /* UITabBar_____Tests.m in Sources */,
			);
			runOnlyForDeploymentPostprocessing = 0;
		};
		0AAD0FCB1D51E9DF0034FB5B /* Sources */ = {
			isa = PBXSourcesBuildPhase;
			buildActionMask = 2147483647;
			files = (
				0AAD0FD41D51E9DF0034FB5B /* UITabBar_____UITests.m in Sources */,
			);
			runOnlyForDeploymentPostprocessing = 0;
		};
/* End PBXSourcesBuildPhase section */

/* Begin PBXTargetDependency section */
		0AAD0FC61D51E9DF0034FB5B /* PBXTargetDependency */ = {
			isa = PBXTargetDependency;
			target = 0AAD0FAA1D51E9DF0034FB5B /* UITabBar 基本使用 */;
			targetProxy = 0AAD0FC51D51E9DF0034FB5B /* PBXContainerItemProxy */;
		};
		0AAD0FD11D51E9DF0034FB5B /* PBXTargetDependency */ = {
			isa = PBXTargetDependency;
			target = 0AAD0FAA1D51E9DF0034FB5B /* UITabBar 基本使用 */;
			targetProxy = 0AAD0FD01D51E9DF0034FB5B /* PBXContainerItemProxy */;
		};
/* End PBXTargetDependency section */

/* Begin PBXVariantGroup section */
		0AAD0FB71D51E9DF0034FB5B /* Main.storyboard */ = {
			isa = PBXVariantGroup;
			children = (
				0AAD0FB81D51E9DF0034FB5B /* Base */,
			);
			name = Main.storyboard;
			sourceTree = "<group>";
		};
		0AAD0FBC1D51E9DF0034FB5B /* LaunchScreen.storyboard */ = {
			isa = PBXVariantGroup;
			children = (
				0AAD0FBD1D51E9DF0034FB5B /* Base */,
			);
			name = LaunchScreen.storyboard;
			sourceTree = "<group>";
		};
/* End PBXVariantGroup section */

/* Begin XCBuildConfiguration section */
		0AAD0FD61D51E9DF0034FB5B /* Debug */ = {
			isa = XCBuildConfiguration;
			buildSettings = {
				ALWAYS_SEARCH_USER_PATHS = NO;
				CLANG_ANALYZER_NONNULL = YES;
				CLANG_CXX_LANGUAGE_STANDARD = "gnu++0x";
				CLANG_CXX_LIBRARY = "libc++";
				CLANG_ENABLE_MODULES = YES;
				CLANG_ENABLE_OBJC_ARC = YES;
				CLANG_WARN_BOOL_CONVERSION = YES;
				CLANG_WARN_CONSTANT_CONVERSION = YES;
				CLANG_WARN_DIRECT_OBJC_ISA_USAGE = YES_ERROR;
				CLANG_WARN_EMPTY_BODY = YES;
				CLANG_WARN_ENUM_CONVERSION = YES;
				CLANG_WARN_INT_CONVERSION = YES;
				CLANG_WARN_OBJC_ROOT_CLASS = YES_ERROR;
				CLANG_WARN_UNREACHABLE_CODE = YES;
				CLANG_WARN__DUPLICATE_METHOD_MATCH = YES;
				"CODE_SIGN_IDENTITY[sdk=iphoneos*]" = "iPhone Developer";
				COPY_PHASE_STRIP = NO;
				DEBUG_INFORMATION_FORMAT = dwarf;
				ENABLE_STRICT_OBJC_MSGSEND = YES;
				ENABLE_TESTABILITY = YES;
				GCC_C_LANGUAGE_STANDARD = gnu99;
				GCC_DYNAMIC_NO_PIC = NO;
				GCC_NO_COMMON_BLOCKS = YES;
				GCC_OPTIMIZATION_LEVEL = 0;
				GCC_PREPROCESSOR_DEFINITIONS = (
					"DEBUG=1",
					"$(inherited)",
				);
				GCC_WARN_64_TO_32_BIT_CONVERSION = YES;
				GCC_WARN_ABOUT_RETURN_TYPE = YES_ERROR;
				GCC_WARN_UNDECLARED_SELECTOR = YES;
				GCC_WARN_UNINITIALIZED_AUTOS = YES_AGGRESSIVE;
				GCC_WARN_UNUSED_FUNCTION = YES;
				GCC_WARN_UNUSED_VARIABLE = YES;
				IPHONEOS_DEPLOYMENT_TARGET = 9.3;
				MTL_ENABLE_DEBUG_INFO = YES;
				ONLY_ACTIVE_ARCH = YES;
				SDKROOT = iphoneos;
				TARGETED_DEVICE_FAMILY = "1,2";
			};
			name = Debug;
		};
		0AAD0FD71D51E9DF0034FB5B /* Release */ = {
			isa = XCBuildConfiguration;
			buildSettings = {
				ALWAYS_SEARCH_USER_PATHS = NO;
				CLANG_ANALYZER_NONNULL = YES;
				CLANG_CXX_LANGUAGE_STANDARD = "gnu++0x";
				CLANG_CXX_LIBRARY = "libc++";
				CLANG_ENABLE_MODULES = YES;
				CLANG_ENABLE_OBJC_ARC = YES;
				CLANG_WARN_BOOL_CONVERSION = YES;
				CLANG_WARN_CONSTANT_CONVERSION = YES;
				CLANG_WARN_DIRECT_OBJC_ISA_USAGE = YES_ERROR;
				CLANG_WARN_EMPTY_BODY = YES;
				CLANG_WARN_ENUM_CONVERSION = YES;
				CLANG_WARN_INT_CONVERSION = YES;
				CLANG_WARN_OBJC_ROOT_CLASS = YES_ERROR;
				CLANG_WARN_UNREACHABLE_CODE = YES;
				CLANG_WARN__DUPLICATE_METHOD_MATCH = YES;
				"CODE_SIGN_IDENTITY[sdk=iphoneos*]" = "iPhone Developer";
				COPY_PHASE_STRIP = NO;
				DEBUG_INFORMATION_FORMAT = "dwarf-with-dsym";
				ENABLE_NS_ASSERTIONS = NO;
				ENABLE_STRICT_OBJC_MSGSEND = YES;
				GCC_C_LANGUAGE_STANDARD = gnu99;
				GCC_NO_COMMON_BLOCKS = YES;
				GCC_WARN_64_TO_32_BIT_CONVERSION = YES;
				GCC_WARN_ABOUT_RETURN_TYPE = YES_ERROR;
				GCC_WARN_UNDECLARED_SELECTOR = YES;
				GCC_WARN_UNINITIALIZED_AUTOS = YES_AGGRESSIVE;
				GCC_WARN_UNUSED_FUNCTION = YES;
				GCC_WARN_UNUSED_VARIABLE = YES;
				IPHONEOS_DEPLOYMENT_TARGET = 9.3;
				MTL_ENABLE_DEBUG_INFO = NO;
				SDKROOT = iphoneos;
				TARGETED_DEVICE_FAMILY = "1,2";
				VALIDATE_PRODUCT = YES;
			};
			name = Release;
		};
		0AAD0FD91D51E9DF0034FB5B /* Debug */ = {
			isa = XCBuildConfiguration;
			buildSettings = {
				ASSETCATALOG_COMPILER_APPICON_NAME = AppIcon;
				INFOPLIST_FILE = "UITabBar 基本使用/Info.plist";
				LD_RUNPATH_SEARCH_PATHS = "$(inherited) @executable_path/Frameworks";
				PRODUCT_BUNDLE_IDENTIFIER = "com.tianView.Sell.UITabBar-----";
				PRODUCT_NAME = "$(TARGET_NAME)";
			};
			name = Debug;
		};
		0AAD0FDA1D51E9DF0034FB5B /* Release */ = {
			isa = XCBuildConfiguration;
			buildSettings = {
				ASSETCATALOG_COMPILER_APPICON_NAME = AppIcon;
				INFOPLIST_FILE = "UITabBar 基本使用/Info.plist";
				LD_RUNPATH_SEARCH_PATHS = "$(inherited) @executable_path/Frameworks";
				PRODUCT_BUNDLE_IDENTIFIER = "com.tianView.Sell.UITabBar-----";
				PRODUCT_NAME = "$(TARGET_NAME)";
			};
			name = Release;
		};
		0AAD0FDC1D51E9DF0034FB5B /* Debug */ = {
			isa = XCBuildConfiguration;
			buildSettings = {
				BUNDLE_LOADER = "$(TEST_HOST)";
				INFOPLIST_FILE = "UITabBar 基本使用Tests/Info.plist";
				LD_RUNPATH_SEARCH_PATHS = "$(inherited) @executable_path/Frameworks @loader_path/Frameworks";
				PRODUCT_BUNDLE_IDENTIFIER = "com.tianView.Sell.UITabBar-----Tests";
				PRODUCT_NAME = "$(TARGET_NAME)";
				TEST_HOST = "$(BUILT_PRODUCTS_DIR)/UITabBar 基本使用.app/UITabBar 基本使用";
			};
			name = Debug;
		};
		0AAD0FDD1D51E9DF0034FB5B /* Release */ = {
			isa = XCBuildConfiguration;
			buildSettings = {
				BUNDLE_LOADER = "$(TEST_HOST)";
				INFOPLIST_FILE = "UITabBar 基本使用Tests/Info.plist";
				LD_RUNPATH_SEARCH_PATHS = "$(inherited) @executable_path/Frameworks @loader_path/Frameworks";
				PRODUCT_BUNDLE_IDENTIFIER = "com.tianView.Sell.UITabBar-----Tests";
				PRODUCT_NAME = "$(TARGET_NAME)";
				TEST_HOST = "$(BUILT_PRODUCTS_DIR)/UITabBar 基本使用.app/UITabBar 基本使用";
			};
			name = Release;
		};
		0AAD0FDF1D51E9DF0034FB5B /* Debug */ = {
			isa = XCBuildConfiguration;
			buildSettings = {
				INFOPLIST_FILE = "UITabBar 基本使用UITests/Info.plist";
				LD_RUNPATH_SEARCH_PATHS = "$(inherited) @executable_path/Frameworks @loader_path/Frameworks";
				PRODUCT_BUNDLE_IDENTIFIER = "com.tianView.Sell.UITabBar-----UITests";
				PRODUCT_NAME = "$(TARGET_NAME)";
				TEST_TARGET_NAME = "UITabBar 基本使用";
			};
			name = Debug;
		};
		0AAD0FE01D51E9DF0034FB5B /* Release */ = {
			isa = XCBuildConfiguration;
			buildSettings = {
				INFOPLIST_FILE = "UITabBar 基本使用UITests/Info.plist";
				LD_RUNPATH_SEARCH_PATHS = "$(inherited) @executable_path/Frameworks @loader_path/Frameworks";
				PRODUCT_BUNDLE_IDENTIFIER = "com.tianView.Sell.UITabBar-----UITests";
				PRODUCT_NAME = "$(TARGET_NAME)";
				TEST_TARGET_NAME = "UITabBar 基本使用";
			};
			name = Release;
		};
/* End XCBuildConfiguration section */

/* Begin XCConfigurationList section */
		0AAD0FA61D51E9DF0034FB5B /* Build configuration list for PBXProject "UITabBar 基本使用" */ = {
			isa = XCConfigurationList;
			buildConfigurations = (
				0AAD0FD61D51E9DF0034FB5B /* Debug */,
				0AAD0FD71D51E9DF0034FB5B /* Release */,
			);
			defaultConfigurationIsVisible = 0;
			defaultConfigurationName = Release;
		};
		0AAD0FD81D51E9DF0034FB5B /* Build configuration list for PBXNativeTarget "UITabBar 基本使用" */ = {
			isa = XCConfigurationList;
			buildConfigurations = (
				0AAD0FD91D51E9DF0034FB5B /* Debug */,
				0AAD0FDA1D51E9DF0034FB5B /* Release */,
			);
			defaultConfigurationIsVisible = 0;
		};
		0AAD0FDB1D51E9DF0034FB5B /* Build configuration list for PBXNativeTarget "UITabBar 基本使用Tests" */ = {
			isa = XCConfigurationList;
			buildConfigurations = (
				0AAD0FDC1D51E9DF0034FB5B /* Debug */,
				0AAD0FDD1D51E9DF0034FB5B /* Release */,
			);
			defaultConfigurationIsVisible = 0;
		};
		0AAD0FDE1D51E9DF0034FB5B /* Build configuration list for PBXNativeTarget "UITabBar 基本使用UITests" */ = {
			isa = XCConfigurationList;
			buildConfigurations = (
				0AAD0FDF1D51E9DF0034FB5B /* Debug */,
				0AAD0FE01D51E9DF0034FB5B /* Release */,
			);
			defaultConfigurationIsVisible = 0;
		};
/* End XCConfigurationList section */
	};
	rootObject = 0AAD0FA31D51E9DF0034FB5B /* Project object */;
}
